github.com/ritvikrohan/puppy v0.0.0-20231120162437-d604c3d0cad8 h1:/RJztsT3BWmYWfbnGw3L5BK+FIBBIllMVw98p09yvCA=
github.com/ritvikrohan/puppy v0.0.0-20231120162437-d604c3d0cad8/go.mod h1:r3Y6ZpE+hwNs03N9T4iZFgeFeKHG2hxKXLwUlOpJAlE=
github.com/ritvikrohan/puppy v0.0.0-20231129174737-5acafca80220 h1:3yh3/Q0RuFN2r6rz5SYICbGFjctkiY0i6/+0iQDG5X0=
github.com/ritvikrohan/puppy v0.0.0-20231129174737-5acafca80220/go.mod h1:r3Y6ZpE+hwNs03N9T4iZFgeFeKHG2hxKXLwUlOpJAlE=
